// !$*UTF8*$!
{
	archiveVersion = 1;
	classes = {
	};
	objectVersion = 46;
	objects = {

/* Begin PBXBuildFile section */
		116A5D231B82189700466E99 /* TWImageScrollView.m in Sources */ = {isa = PBXBuildFile; fileRef = 116A5D1A1B82189700466E99 /* TWImageScrollView.m */; };
		116A5D241B82189700466E99 /* TWPhoto.m in Sources */ = {isa = PBXBuildFile; fileRef = 116A5D1C1B82189700466E99 /* TWPhoto.m */; };
		116A5D251B82189700466E99 /* TWPhotoCollectionViewCell.m in Sources */ = {isa = PBXBuildFile; fileRef = 116A5D1E1B82189700466E99 /* TWPhotoCollectionViewCell.m */; };
		116A5D261B82189700466E99 /* TWPhotoLoader.m in Sources */ = {isa = PBXBuildFile; fileRef = 116A5D201B82189700466E99 /* TWPhotoLoader.m */; };
		116A5D271B82189700466E99 /* TWPhotoPickerController.m in Sources */ = {isa = PBXBuildFile; fileRef = 116A5D221B82189700466E99 /* TWPhotoPickerController.m */; };
		116A5D2A1B82274900466E99 /* Albums.m in Sources */ = {isa = PBXBuildFile; fileRef = 116A5D291B82274900466E99 /* Albums.m */; };
		116A5D2D1B8351BE00466E99 /* ImageSelectController.m in Sources */ = {isa = PBXBuildFile; fileRef = 116A5D2C1B8351BE00466E99 /* ImageSelectController.m */; };
		11EEC67F1B90439F0079EFF4 /* ImageSelectPlayerView.m in Sources */ = {isa = PBXBuildFile; fileRef = 11EEC67E1B90439F0079EFF4 /* ImageSelectPlayerView.m */; };
		11EFEDC51B81C27D00078735 /* main.m in Sources */ = {isa = PBXBuildFile; fileRef = 11EFEDC41B81C27D00078735 /* main.m */; };
		11EFEDC81B81C27D00078735 /* AppDelegate.m in Sources */ = {isa = PBXBuildFile; fileRef = 11EFEDC71B81C27D00078735 /* AppDelegate.m */; };
		11EFEDD11B81C27D00078735 /* Main.storyboard in Resources */ = {isa = PBXBuildFile; fileRef = 11EFEDCF1B81C27D00078735 /* Main.storyboard */; };
		11EFEDD31B81C27D00078735 /* Images.xcassets in Resources */ = {isa = PBXBuildFile; fileRef = 11EFEDD21B81C27D00078735 /* Images.xcassets */; };
		11EFEDD61B81C27D00078735 /* LaunchScreen.xib in Resources */ = {isa = PBXBuildFile; fileRef = 11EFEDD41B81C27D00078735 /* LaunchScreen.xib */; };
		11EFEDE21B81C27D00078735 /* VideoEditor2Tests.m in Sources */ = {isa = PBXBuildFile; fileRef = 11EFEDE11B81C27D00078735 /* VideoEditor2Tests.m */; };
		11EFEDEE1B81D2EF00078735 /* Step2.m in Sources */ = {isa = PBXBuildFile; fileRef = 11EFEDED1B81D2EF00078735 /* Step2.m */; };
		11EFEDF11B81D31600078735 /* Step3.m in Sources */ = {isa = PBXBuildFile; fileRef = 11EFEDF01B81D31600078735 /* Step3.m */; };
		11EFEDFD1B820B6300078735 /* DZNPhotoDisplayViewCell.m in Sources */ = {isa = PBXBuildFile; fileRef = 11EFEDF61B820B6300078735 /* DZNPhotoDisplayViewCell.m */; };
		11EFEDFE1B820B6300078735 /* DZNPhotoDisplayViewController.m in Sources */ = {isa = PBXBuildFile; fileRef = 11EFEDF81B820B6300078735 /* DZNPhotoDisplayViewController.m */; };
		11EFEDFF1B820B6300078735 /* DZNPhotoPickerController.m in Sources */ = {isa = PBXBuildFile; fileRef = 11EFEDFA1B820B6300078735 /* DZNPhotoPickerController.m */; };
		11EFEE001B820B6300078735 /* DZNPhotoPickerControllerConstants.m in Sources */ = {isa = PBXBuildFile; fileRef = 11EFEDFC1B820B6300078735 /* DZNPhotoPickerControllerConstants.m */; };
		11EFEE0B1B820BEB00078735 /* DZNPhotoEditorViewController.m in Sources */ = {isa = PBXBuildFile; fileRef = 11EFEE081B820BEB00078735 /* DZNPhotoEditorViewController.m */; };
		11EFEE0C1B820BEB00078735 /* UIImagePickerController+Edit.m in Sources */ = {isa = PBXBuildFile; fileRef = 11EFEE0A1B820BEB00078735 /* UIImagePickerController+Edit.m */; };
		11EFEE181B820BF600078735 /* DZNPhotoMetadata.m in Sources */ = {isa = PBXBuildFile; fileRef = 11EFEE0E1B820BF600078735 /* DZNPhotoMetadata.m */; };
		11EFEE191B820BF600078735 /* DZNPhotoServiceClient.m in Sources */ = {isa = PBXBuildFile; fileRef = 11EFEE101B820BF600078735 /* DZNPhotoServiceClient.m */; };
		11EFEE1A1B820BF600078735 /* DZNPhotoServiceConstants.m in Sources */ = {isa = PBXBuildFile; fileRef = 11EFEE131B820BF600078735 /* DZNPhotoServiceConstants.m */; };
		11EFEE1B1B820BF600078735 /* DZNPhotoServiceFactory.m in Sources */ = {isa = PBXBuildFile; fileRef = 11EFEE151B820BF600078735 /* DZNPhotoServiceFactory.m */; };
		11EFEE1C1B820BF600078735 /* DZNPhotoTag.m in Sources */ = {isa = PBXBuildFile; fileRef = 11EFEE171B820BF600078735 /* DZNPhotoTag.m */; };
		11EFEE1F1B820C0300078735 /* UIImagePickerController+Block.m in Sources */ = {isa = PBXBuildFile; fileRef = 11EFEE1E1B820C0300078735 /* UIImagePickerController+Block.m */; };
		11F43D5C1B84655C00011C2D /* PickerAssetsCollection.m in Sources */ = {isa = PBXBuildFile; fileRef = 11F43D5B1B84655C00011C2D /* PickerAssetsCollection.m */; };
		11F43D5F1B84674E00011C2D /* PickerAsset.m in Sources */ = {isa = PBXBuildFile; fileRef = 11F43D5E1B84674E00011C2D /* PickerAsset.m */; };
		11F43D681B8483CE00011C2D /* ImageSelectCollectionViewCell.m in Sources */ = {isa = PBXBuildFile; fileRef = 11F43D671B8483CE00011C2D /* ImageSelectCollectionViewCell.m */; };
		11F43D6B1B84B40100011C2D /* ImageSelectCollectionViewHeader.m in Sources */ = {isa = PBXBuildFile; fileRef = 11F43D6A1B84B40100011C2D /* ImageSelectCollectionViewHeader.m */; };
		11F43D6E1B84CCB500011C2D /* VideoEditorAssetsCollection.m in Sources */ = {isa = PBXBuildFile; fileRef = 11F43D6D1B84CCB500011C2D /* VideoEditorAssetsCollection.m */; };
		FB3ACDA7BE4B896EFFA0C234 /* libPods.a in Frameworks */ = {isa = PBXBuildFile; fileRef = CC6148C19E5C1D05E669F93A /* libPods.a */; };
/* End PBXBuildFile section */

/* Begin PBXContainerItemProxy section */
		11EFEDDC1B81C27D00078735 /* PBXContainerItemProxy */ = {
			isa = PBXContainerItemProxy;
			containerPortal = 11EFEDB71B81C27D00078735 /* Project object */;
			proxyType = 1;
			remoteGlobalIDString = 11EFEDBE1B81C27D00078735;
			remoteInfo = VideoEditor2;
		};
/* End PBXContainerItemProxy section */

/* Begin PBXFileReference section */
		116A5D191B82189700466E99 /* TWImageScrollView.h */ = {isa = PBXFileReference; fileEncoding = 4; lastKnownFileType = sourcecode.c.h; name = TWImageScrollView.h; path = InstagramPhotoPicker/TWPhotoPicker/TWImageScrollView.h; sourceTree = "<group>"; };
		116A5D1A1B82189700466E99 /* TWImageScrollView.m */ = {isa = PBXFileReference; fileEncoding = 4; lastKnownFileType = sourcecode.c.objc; name = TWImageScrollView.m; path = InstagramPhotoPicker/TWPhotoPicker/TWImageScrollView.m; sourceTree = "<group>"; };
		116A5D1B1B82189700466E99 /* TWPhoto.h */ = {isa = PBXFileReference; fileEncoding = 4; lastKnownFileType = sourcecode.c.h; name = TWPhoto.h; path = InstagramPhotoPicker/TWPhotoPicker/TWPhoto.h; sourceTree = "<group>"; };
		116A5D1C1B82189700466E99 /* TWPhoto.m */ = {isa = PBXFileReference; fileEncoding = 4; lastKnownFileType = sourcecode.c.objc; name = TWPhoto.m; path = InstagramPhotoPicker/TWPhotoPicker/TWPhoto.m; sourceTree = "<group>"; };
		116A5D1D1B82189700466E99 /* TWPhotoCollectionViewCell.h */ = {isa = PBXFileReference; fileEncoding = 4; lastKnownFileType = sourcecode.c.h; name = TWPhotoCollectionViewCell.h; path = InstagramPhotoPicker/TWPhotoPicker/TWPhotoCollectionViewCell.h; sourceTree = "<group>"; };
		116A5D1E1B82189700466E99 /* TWPhotoCollectionViewCell.m */ = {isa = PBXFileReference; fileEncoding = 4; lastKnownFileType = sourcecode.c.objc; name = TWPhotoCollectionViewCell.m; path = InstagramPhotoPicker/TWPhotoPicker/TWPhotoCollectionViewCell.m; sourceTree = "<group>"; };
		116A5D1F1B82189700466E99 /* TWPhotoLoader.h */ = {isa = PBXFileReference; fileEncoding = 4; lastKnownFileType = sourcecode.c.h; name = TWPhotoLoader.h; path = InstagramPhotoPicker/TWPhotoPicker/TWPhotoLoader.h; sourceTree = "<group>"; };
		116A5D201B82189700466E99 /* TWPhotoLoader.m */ = {isa = PBXFileReference; fileEncoding = 4; lastKnownFileType = sourcecode.c.objc; name = TWPhotoLoader.m; path = InstagramPhotoPicker/TWPhotoPicker/TWPhotoLoader.m; sourceTree = "<group>"; };
		116A5D211B82189700466E99 /* TWPhotoPickerController.h */ = {isa = PBXFileReference; fileEncoding = 4; lastKnownFileType = sourcecode.c.h; name = TWPhotoPickerController.h; path = InstagramPhotoPicker/TWPhotoPicker/TWPhotoPickerController.h; sourceTree = "<group>"; };
		116A5D221B82189700466E99 /* TWPhotoPickerController.m */ = {isa = PBXFileReference; fileEncoding = 4; lastKnownFileType = sourcecode.c.objc; name = TWPhotoPickerController.m; path = InstagramPhotoPicker/TWPhotoPicker/TWPhotoPickerController.m; sourceTree = "<group>"; };
		116A5D281B82274900466E99 /* Albums.h */ = {isa = PBXFileReference; fileEncoding = 4; lastKnownFileType = sourcecode.c.h; path = Albums.h; sourceTree = "<group>"; };
		116A5D291B82274900466E99 /* Albums.m */ = {isa = PBXFileReference; fileEncoding = 4; lastKnownFileType = sourcecode.c.objc; path = Albums.m; sourceTree = "<group>"; };
		116A5D2B1B8351BE00466E99 /* ImageSelectController.h */ = {isa = PBXFileReference; fileEncoding = 4; lastKnownFileType = sourcecode.c.h; path = ImageSelectController.h; sourceTree = "<group>"; };
		116A5D2C1B8351BE00466E99 /* ImageSelectController.m */ = {isa = PBXFileReference; fileEncoding = 4; lastKnownFileType = sourcecode.c.objc; path = ImageSelectController.m; sourceTree = "<group>"; };
		11EEC67D1B90439F0079EFF4 /* ImageSelectPlayerView.h */ = {isa = PBXFileReference; fileEncoding = 4; lastKnownFileType = sourcecode.c.h; path = ImageSelectPlayerView.h; sourceTree = "<group>"; };
		11EEC67E1B90439F0079EFF4 /* ImageSelectPlayerView.m */ = {isa = PBXFileReference; fileEncoding = 4; lastKnownFileType = sourcecode.c.objc; path = ImageSelectPlayerView.m; sourceTree = "<group>"; };
		11EFEDBF1B81C27D00078735 /* VideoEditor2.app */ = {isa = PBXFileReference; explicitFileType = wrapper.application; includeInIndex = 0; path = VideoEditor2.app; sourceTree = BUILT_PRODUCTS_DIR; };
		11EFEDC31B81C27D00078735 /* Info.plist */ = {isa = PBXFileReference; lastKnownFileType = text.plist.xml; path = Info.plist; sourceTree = "<group>"; };
		11EFEDC41B81C27D00078735 /* main.m */ = {isa = PBXFileReference; lastKnownFileType = sourcecode.c.objc; path = main.m; sourceTree = "<group>"; };
		11EFEDC61B81C27D00078735 /* AppDelegate.h */ = {isa = PBXFileReference; lastKnownFileType = sourcecode.c.h; path = AppDelegate.h; sourceTree = "<group>"; };
		11EFEDC71B81C27D00078735 /* AppDelegate.m */ = {isa = PBXFileReference; lastKnownFileType = sourcecode.c.objc; path = AppDelegate.m; sourceTree = "<group>"; };
		11EFEDD01B81C27D00078735 /* Base */ = {isa = PBXFileReference; lastKnownFileType = file.storyboard; name = Base; path = Base.lproj/Main.storyboard; sourceTree = "<group>"; };
		11EFEDD21B81C27D00078735 /* Images.xcassets */ = {isa = PBXFileReference; lastKnownFileType = folder.assetcatalog; path = Images.xcassets; sourceTree = "<group>"; };
		11EFEDD51B81C27D00078735 /* Base */ = {isa = PBXFileReference; lastKnownFileType = file.xib; name = Base; path = Base.lproj/LaunchScreen.xib; sourceTree = "<group>"; };
		11EFEDDB1B81C27D00078735 /* VideoEditor2Tests.xctest */ = {isa = PBXFileReference; explicitFileType = wrapper.cfbundle; includeInIndex = 0; path = VideoEditor2Tests.xctest; sourceTree = BUILT_PRODUCTS_DIR; };
		11EFEDE01B81C27D00078735 /* Info.plist */ = {isa = PBXFileReference; lastKnownFileType = text.plist.xml; path = Info.plist; sourceTree = "<group>"; };
		11EFEDE11B81C27D00078735 /* VideoEditor2Tests.m */ = {isa = PBXFileReference; lastKnownFileType = sourcecode.c.objc; path = VideoEditor2Tests.m; sourceTree = "<group>"; };
		11EFEDEC1B81D2EF00078735 /* Step2.h */ = {isa = PBXFileReference; fileEncoding = 4; lastKnownFileType = sourcecode.c.h; path = Step2.h; sourceTree = "<group>"; };
		11EFEDED1B81D2EF00078735 /* Step2.m */ = {isa = PBXFileReference; fileEncoding = 4; lastKnownFileType = sourcecode.c.objc; path = Step2.m; sourceTree = "<group>"; };
		11EFEDEF1B81D31600078735 /* Step3.h */ = {isa = PBXFileReference; fileEncoding = 4; lastKnownFileType = sourcecode.c.h; path = Step3.h; sourceTree = "<group>"; };
		11EFEDF01B81D31600078735 /* Step3.m */ = {isa = PBXFileReference; fileEncoding = 4; lastKnownFileType = sourcecode.c.objc; path = Step3.m; sourceTree = "<group>"; };
		11EFEDF51B820B6300078735 /* DZNPhotoDisplayViewCell.h */ = {isa = PBXFileReference; fileEncoding = 4; lastKnownFileType = sourcecode.c.h; name = DZNPhotoDisplayViewCell.h; path = DZNPhotoPickerController/Classes/Core/DZNPhotoDisplayViewCell.h; sourceTree = "<group>"; };
		11EFEDF61B820B6300078735 /* DZNPhotoDisplayViewCell.m */ = {isa = PBXFileReference; fileEncoding = 4; lastKnownFileType = sourcecode.c.objc; name = DZNPhotoDisplayViewCell.m; path = DZNPhotoPickerController/Classes/Core/DZNPhotoDisplayViewCell.m; sourceTree = "<group>"; };
		11EFEDF71B820B6300078735 /* DZNPhotoDisplayViewController.h */ = {isa = PBXFileReference; fileEncoding = 4; lastKnownFileType = sourcecode.c.h; name = DZNPhotoDisplayViewController.h; path = DZNPhotoPickerController/Classes/Core/DZNPhotoDisplayViewController.h; sourceTree = "<group>"; };
		11EFEDF81B820B6300078735 /* DZNPhotoDisplayViewController.m */ = {isa = PBXFileReference; fileEncoding = 4; lastKnownFileType = sourcecode.c.objc; name = DZNPhotoDisplayViewController.m; path = DZNPhotoPickerController/Classes/Core/DZNPhotoDisplayViewController.m; sourceTree = "<group>"; };
		11EFEDF91B820B6300078735 /* DZNPhotoPickerController.h */ = {isa = PBXFileReference; fileEncoding = 4; lastKnownFileType = sourcecode.c.h; name = DZNPhotoPickerController.h; path = DZNPhotoPickerController/Classes/Core/DZNPhotoPickerController.h; sourceTree = "<group>"; };
		11EFEDFA1B820B6300078735 /* DZNPhotoPickerController.m */ = {isa = PBXFileReference; fileEncoding = 4; lastKnownFileType = sourcecode.c.objc; name = DZNPhotoPickerController.m; path = DZNPhotoPickerController/Classes/Core/DZNPhotoPickerController.m; sourceTree = "<group>"; };
		11EFEDFB1B820B6300078735 /* DZNPhotoPickerControllerConstants.h */ = {isa = PBXFileReference; fileEncoding = 4; lastKnownFileType = sourcecode.c.h; name = DZNPhotoPickerControllerConstants.h; path = DZNPhotoPickerController/Classes/Core/DZNPhotoPickerControllerConstants.h; sourceTree = "<group>"; };
		11EFEDFC1B820B6300078735 /* DZNPhotoPickerControllerConstants.m */ = {isa = PBXFileReference; fileEncoding = 4; lastKnownFileType = sourcecode.c.objc; name = DZNPhotoPickerControllerConstants.m; path = DZNPhotoPickerController/Classes/Core/DZNPhotoPickerControllerConstants.m; sourceTree = "<group>"; };
		11EFEE071B820BEB00078735 /* DZNPhotoEditorViewController.h */ = {isa = PBXFileReference; fileEncoding = 4; lastKnownFileType = sourcecode.c.h; name = DZNPhotoEditorViewController.h; path = DZNPhotoPickerController/Classes/Editor/DZNPhotoEditorViewController.h; sourceTree = "<group>"; };
		11EFEE081B820BEB00078735 /* DZNPhotoEditorViewController.m */ = {isa = PBXFileReference; fileEncoding = 4; lastKnownFileType = sourcecode.c.objc; name = DZNPhotoEditorViewController.m; path = DZNPhotoPickerController/Classes/Editor/DZNPhotoEditorViewController.m; sourceTree = "<group>"; };
		11EFEE091B820BEB00078735 /* UIImagePickerController+Edit.h */ = {isa = PBXFileReference; fileEncoding = 4; lastKnownFileType = sourcecode.c.h; name = "UIImagePickerController+Edit.h"; path = "DZNPhotoPickerController/Classes/Editor/UIImagePickerController+Edit.h"; sourceTree = "<group>"; };
		11EFEE0A1B820BEB00078735 /* UIImagePickerController+Edit.m */ = {isa = PBXFileReference; fileEncoding = 4; lastKnownFileType = sourcecode.c.objc; name = "UIImagePickerController+Edit.m"; path = "DZNPhotoPickerController/Classes/Editor/UIImagePickerController+Edit.m"; sourceTree = "<group>"; };
		11EFEE0D1B820BF600078735 /* DZNPhotoMetadata.h */ = {isa = PBXFileReference; fileEncoding = 4; lastKnownFileType = sourcecode.c.h; name = DZNPhotoMetadata.h; path = DZNPhotoPickerController/Classes/Services/DZNPhotoMetadata.h; sourceTree = "<group>"; };
		11EFEE0E1B820BF600078735 /* DZNPhotoMetadata.m */ = {isa = PBXFileReference; fileEncoding = 4; lastKnownFileType = sourcecode.c.objc; name = DZNPhotoMetadata.m; path = DZNPhotoPickerController/Classes/Services/DZNPhotoMetadata.m; sourceTree = "<group>"; };
		11EFEE0F1B820BF600078735 /* DZNPhotoServiceClient.h */ = {isa = PBXFileReference; fileEncoding = 4; lastKnownFileType = sourcecode.c.h; name = DZNPhotoServiceClient.h; path = DZNPhotoPickerController/Classes/Services/DZNPhotoServiceClient.h; sourceTree = "<group>"; };
		11EFEE101B820BF600078735 /* DZNPhotoServiceClient.m */ = {isa = PBXFileReference; fileEncoding = 4; lastKnownFileType = sourcecode.c.objc; name = DZNPhotoServiceClient.m; path = DZNPhotoPickerController/Classes/Services/DZNPhotoServiceClient.m; sourceTree = "<group>"; };
		11EFEE111B820BF600078735 /* DZNPhotoServiceClientProtocol.h */ = {isa = PBXFileReference; fileEncoding = 4; lastKnownFileType = sourcecode.c.h; name = DZNPhotoServiceClientProtocol.h; path = DZNPhotoPickerController/Classes/Services/DZNPhotoServiceClientProtocol.h; sourceTree = "<group>"; };
		11EFEE121B820BF600078735 /* DZNPhotoServiceConstants.h */ = {isa = PBXFileReference; fileEncoding = 4; lastKnownFileType = sourcecode.c.h; name = DZNPhotoServiceConstants.h; path = DZNPhotoPickerController/Classes/Services/DZNPhotoServiceConstants.h; sourceTree = "<group>"; };
		11EFEE131B820BF600078735 /* DZNPhotoServiceConstants.m */ = {isa = PBXFileReference; fileEncoding = 4; lastKnownFileType = sourcecode.c.objc; name = DZNPhotoServiceConstants.m; path = DZNPhotoPickerController/Classes/Services/DZNPhotoServiceConstants.m; sourceTree = "<group>"; };
		11EFEE141B820BF600078735 /* DZNPhotoServiceFactory.h */ = {isa = PBXFileReference; fileEncoding = 4; lastKnownFileType = sourcecode.c.h; name = DZNPhotoServiceFactory.h; path = DZNPhotoPickerController/Classes/Services/DZNPhotoServiceFactory.h; sourceTree = "<group>"; };
		11EFEE151B820BF600078735 /* DZNPhotoServiceFactory.m */ = {isa = PBXFileReference; fileEncoding = 4; lastKnownFileType = sourcecode.c.objc; name = DZNPhotoServiceFactory.m; path = DZNPhotoPickerController/Classes/Services/DZNPhotoServiceFactory.m; sourceTree = "<group>"; };
		11EFEE161B820BF600078735 /* DZNPhotoTag.h */ = {isa = PBXFileReference; fileEncoding = 4; lastKnownFileType = sourcecode.c.h; name = DZNPhotoTag.h; path = DZNPhotoPickerController/Classes/Services/DZNPhotoTag.h; sourceTree = "<group>"; };
		11EFEE171B820BF600078735 /* DZNPhotoTag.m */ = {isa = PBXFileReference; fileEncoding = 4; lastKnownFileType = sourcecode.c.objc; name = DZNPhotoTag.m; path = DZNPhotoPickerController/Classes/Services/DZNPhotoTag.m; sourceTree = "<group>"; };
		11EFEE1D1B820C0300078735 /* UIImagePickerController+Block.h */ = {isa = PBXFileReference; fileEncoding = 4; lastKnownFileType = sourcecode.c.h; name = "UIImagePickerController+Block.h"; path = "DZNPhotoPickerController/Classes/UIImagePickerController/UIImagePickerController+Block.h"; sourceTree = "<group>"; };
		11EFEE1E1B820C0300078735 /* UIImagePickerController+Block.m */ = {isa = PBXFileReference; fileEncoding = 4; lastKnownFileType = sourcecode.c.objc; name = "UIImagePickerController+Block.m"; path = "DZNPhotoPickerController/Classes/UIImagePickerController/UIImagePickerController+Block.m"; sourceTree = "<group>"; };
		11F43D5A1B84655C00011C2D /* PickerAssetsCollection.h */ = {isa = PBXFileReference; fileEncoding = 4; lastKnownFileType = sourcecode.c.h; path = PickerAssetsCollection.h; sourceTree = "<group>"; };
		11F43D5B1B84655C00011C2D /* PickerAssetsCollection.m */ = {isa = PBXFileReference; fileEncoding = 4; lastKnownFileType = sourcecode.c.objc; path = PickerAssetsCollection.m; sourceTree = "<group>"; };
		11F43D5D1B84674E00011C2D /* PickerAsset.h */ = {isa = PBXFileReference; fileEncoding = 4; lastKnownFileType = sourcecode.c.h; path = PickerAsset.h; sourceTree = "<group>"; };
		11F43D5E1B84674E00011C2D /* PickerAsset.m */ = {isa = PBXFileReference; fileEncoding = 4; lastKnownFileType = sourcecode.c.objc; path = PickerAsset.m; sourceTree = "<group>"; };
		11F43D661B8483CE00011C2D /* ImageSelectCollectionViewCell.h */ = {isa = PBXFileReference; fileEncoding = 4; lastKnownFileType = sourcecode.c.h; path = ImageSelectCollectionViewCell.h; sourceTree = "<group>"; };
		11F43D671B8483CE00011C2D /* ImageSelectCollectionViewCell.m */ = {isa = PBXFileReference; fileEncoding = 4; lastKnownFileType = sourcecode.c.objc; path = ImageSelectCollectionViewCell.m; sourceTree = "<group>"; };
		11F43D691B84B40100011C2D /* ImageSelectCollectionViewHeader.h */ = {isa = PBXFileReference; fileEncoding = 4; lastKnownFileType = sourcecode.c.h; path = ImageSelectCollectionViewHeader.h; sourceTree = "<group>"; };
		11F43D6A1B84B40100011C2D /* ImageSelectCollectionViewHeader.m */ = {isa = PBXFileReference; fileEncoding = 4; lastKnownFileType = sourcecode.c.objc; path = ImageSelectCollectionViewHeader.m; sourceTree = "<group>"; };
		11F43D6C1B84CCB500011C2D /* VideoEditorAssetsCollection.h */ = {isa = PBXFileReference; fileEncoding = 4; lastKnownFileType = sourcecode.c.h; path = VideoEditorAssetsCollection.h; sourceTree = "<group>"; };
		11F43D6D1B84CCB500011C2D /* VideoEditorAssetsCollection.m */ = {isa = PBXFileReference; fileEncoding = 4; lastKnownFileType = sourcecode.c.objc; path = VideoEditorAssetsCollection.m; sourceTree = "<group>"; };
		69B654D231D53CB9E236F108 /* Pods.release.xcconfig */ = {isa = PBXFileReference; includeInIndex = 1; lastKnownFileType = text.xcconfig; name = Pods.release.xcconfig; path = "Pods/Target Support Files/Pods/Pods.release.xcconfig"; sourceTree = "<group>"; };
		C56F4BA644EAFB399D32217B /* Pods.debug.xcconfig */ = {isa = PBXFileReference; includeInIndex = 1; lastKnownFileType = text.xcconfig; name = Pods.debug.xcconfig; path = "Pods/Target Support Files/Pods/Pods.debug.xcconfig"; sourceTree = "<group>"; };
		CC6148C19E5C1D05E669F93A /* libPods.a */ = {isa = PBXFileReference; explicitFileType = archive.ar; includeInIndex = 0; path = libPods.a; sourceTree = BUILT_PRODUCTS_DIR; };
/* End PBXFileReference section */

/* Begin PBXFrameworksBuildPhase section */
		11EFEDBC1B81C27D00078735 /* Frameworks */ = {
			isa = PBXFrameworksBuildPhase;
			buildActionMask = 2147483647;
			files = (
				FB3ACDA7BE4B896EFFA0C234 /* libPods.a in Frameworks */,
			);
			runOnlyForDeploymentPostprocessing = 0;
		};
		11EFEDD81B81C27D00078735 /* Frameworks */ = {
			isa = PBXFrameworksBuildPhase;
			buildActionMask = 2147483647;
			files = (
			);
			runOnlyForDeploymentPostprocessing = 0;
		};
/* End PBXFrameworksBuildPhase section */

/* Begin PBXGroup section */
		001EE5003AB58BC390DCC64B /* Frameworks */ = {
			isa = PBXGroup;
			children = (
				CC6148C19E5C1D05E669F93A /* libPods.a */,
			);
			name = Frameworks;
			sourceTree = "<group>";
		};
		116A5D181B82188100466E99 /* InstagramPhotoPicker */ = {
			isa = PBXGroup;
			children = (
				116A5D191B82189700466E99 /* TWImageScrollView.h */,
				116A5D1A1B82189700466E99 /* TWImageScrollView.m */,
				116A5D1B1B82189700466E99 /* TWPhoto.h */,
				116A5D1C1B82189700466E99 /* TWPhoto.m */,
				116A5D1D1B82189700466E99 /* TWPhotoCollectionViewCell.h */,
				116A5D1E1B82189700466E99 /* TWPhotoCollectionViewCell.m */,
				116A5D1F1B82189700466E99 /* TWPhotoLoader.h */,
				116A5D201B82189700466E99 /* TWPhotoLoader.m */,
				116A5D211B82189700466E99 /* TWPhotoPickerController.h */,
				116A5D221B82189700466E99 /* TWPhotoPickerController.m */,
			);
			name = InstagramPhotoPicker;
			sourceTree = "<group>";
		};
		11EFEDB61B81C27D00078735 = {
			isa = PBXGroup;
			children = (
				11EFEDC11B81C27D00078735 /* VideoEditor2 */,
				11EFEDDE1B81C27D00078735 /* VideoEditor2Tests */,
				11EFEDC01B81C27D00078735 /* Products */,
				FFAE5A8FD0109141F8181AEF /* Pods */,
				001EE5003AB58BC390DCC64B /* Frameworks */,
			);
			sourceTree = "<group>";
		};
		11EFEDC01B81C27D00078735 /* Products */ = {
			isa = PBXGroup;
			children = (
				11EFEDBF1B81C27D00078735 /* VideoEditor2.app */,
				11EFEDDB1B81C27D00078735 /* VideoEditor2Tests.xctest */,
			);
			name = Products;
			sourceTree = "<group>";
		};
		11EFEDC11B81C27D00078735 /* VideoEditor2 */ = {
			isa = PBXGroup;
			children = (
				116A5D181B82188100466E99 /* InstagramPhotoPicker */,
				11EFEDF41B820B4F00078735 /* DZNPhotoPickerController */,
				11F43D591B8462CC00011C2D /* Models */,
				11EFEDEB1B81D2D700078735 /* Controllers */,
				11EFEDC61B81C27D00078735 /* AppDelegate.h */,
				11EFEDC71B81C27D00078735 /* AppDelegate.m */,
				11EFEDCF1B81C27D00078735 /* Main.storyboard */,
				11EFEDD21B81C27D00078735 /* Images.xcassets */,
				11EFEDD41B81C27D00078735 /* LaunchScreen.xib */,
				11EFEDC21B81C27D00078735 /* Supporting Files */,
			);
			path = VideoEditor2;
			sourceTree = "<group>";
		};
		11EFEDC21B81C27D00078735 /* Supporting Files */ = {
			isa = PBXGroup;
			children = (
				11EFEDC31B81C27D00078735 /* Info.plist */,
				11EFEDC41B81C27D00078735 /* main.m */,
			);
			name = "Supporting Files";
			sourceTree = "<group>";
		};
		11EFEDDE1B81C27D00078735 /* VideoEditor2Tests */ = {
			isa = PBXGroup;
			children = (
				11EFEDE11B81C27D00078735 /* VideoEditor2Tests.m */,
				11EFEDDF1B81C27D00078735 /* Supporting Files */,
			);
			path = VideoEditor2Tests;
			sourceTree = "<group>";
		};
		11EFEDDF1B81C27D00078735 /* Supporting Files */ = {
			isa = PBXGroup;
			children = (
				11EFEDE01B81C27D00078735 /* Info.plist */,
			);
			name = "Supporting Files";
			sourceTree = "<group>";
		};
		11EFEDEB1B81D2D700078735 /* Controllers */ = {
			isa = PBXGroup;
			children = (
				11EFEDEC1B81D2EF00078735 /* Step2.h */,
				11EFEDED1B81D2EF00078735 /* Step2.m */,
				11EFEDEF1B81D31600078735 /* Step3.h */,
				11EFEDF01B81D31600078735 /* Step3.m */,
				116A5D281B82274900466E99 /* Albums.h */,
				116A5D291B82274900466E99 /* Albums.m */,
				116A5D2B1B8351BE00466E99 /* ImageSelectController.h */,
				116A5D2C1B8351BE00466E99 /* ImageSelectController.m */,
				11F43D661B8483CE00011C2D /* ImageSelectCollectionViewCell.h */,
				11F43D671B8483CE00011C2D /* ImageSelectCollectionViewCell.m */,
				11F43D691B84B40100011C2D /* ImageSelectCollectionViewHeader.h */,
				11F43D6A1B84B40100011C2D /* ImageSelectCollectionViewHeader.m */,
				11EEC67D1B90439F0079EFF4 /* ImageSelectPlayerView.h */,
				11EEC67E1B90439F0079EFF4 /* ImageSelectPlayerView.m */,
			);
			name = Controllers;
			sourceTree = "<group>";
		};
		11EFEDF41B820B4F00078735 /* DZNPhotoPickerController */ = {
			isa = PBXGroup;
			children = (
				11EFEE1D1B820C0300078735 /* UIImagePickerController+Block.h */,
				11EFEE1E1B820C0300078735 /* UIImagePickerController+Block.m */,
				11EFEE0D1B820BF600078735 /* DZNPhotoMetadata.h */,
				11EFEE0E1B820BF600078735 /* DZNPhotoMetadata.m */,
				11EFEE0F1B820BF600078735 /* DZNPhotoServiceClient.h */,
				11EFEE101B820BF600078735 /* DZNPhotoServiceClient.m */,
				11EFEE111B820BF600078735 /* DZNPhotoServiceClientProtocol.h */,
				11EFEE121B820BF600078735 /* DZNPhotoServiceConstants.h */,
				11EFEE131B820BF600078735 /* DZNPhotoServiceConstants.m */,
				11EFEE141B820BF600078735 /* DZNPhotoServiceFactory.h */,
				11EFEE151B820BF600078735 /* DZNPhotoServiceFactory.m */,
				11EFEE161B820BF600078735 /* DZNPhotoTag.h */,
				11EFEE171B820BF600078735 /* DZNPhotoTag.m */,
				11EFEE071B820BEB00078735 /* DZNPhotoEditorViewController.h */,
				11EFEE081B820BEB00078735 /* DZNPhotoEditorViewController.m */,
				11EFEE091B820BEB00078735 /* UIImagePickerController+Edit.h */,
				11EFEE0A1B820BEB00078735 /* UIImagePickerController+Edit.m */,
				11EFEDF51B820B6300078735 /* DZNPhotoDisplayViewCell.h */,
				11EFEDF61B820B6300078735 /* DZNPhotoDisplayViewCell.m */,
				11EFEDF71B820B6300078735 /* DZNPhotoDisplayViewController.h */,
				11EFEDF81B820B6300078735 /* DZNPhotoDisplayViewController.m */,
				11EFEDF91B820B6300078735 /* DZNPhotoPickerController.h */,
				11EFEDFA1B820B6300078735 /* DZNPhotoPickerController.m */,
				11EFEDFB1B820B6300078735 /* DZNPhotoPickerControllerConstants.h */,
				11EFEDFC1B820B6300078735 /* DZNPhotoPickerControllerConstants.m */,
			);
			name = DZNPhotoPickerController;
			sourceTree = "<group>";
		};
		11F43D591B8462CC00011C2D /* Models */ = {
			isa = PBXGroup;
			children = (
				11F43D6C1B84CCB500011C2D /* VideoEditorAssetsCollection.h */,
				11F43D6D1B84CCB500011C2D /* VideoEditorAssetsCollection.m */,
				11F43D5D1B84674E00011C2D /* PickerAsset.h */,
				11F43D5E1B84674E00011C2D /* PickerAsset.m */,
				11F43D5A1B84655C00011C2D /* PickerAssetsCollection.h */,
				11F43D5B1B84655C00011C2D /* PickerAssetsCollection.m */,
			);
			name = Models;
			sourceTree = "<group>";
		};
		FFAE5A8FD0109141F8181AEF /* Pods */ = {
			isa = PBXGroup;
			children = (
				C56F4BA644EAFB399D32217B /* Pods.debug.xcconfig */,
				69B654D231D53CB9E236F108 /* Pods.release.xcconfig */,
			);
			name = Pods;
			sourceTree = "<group>";
		};
/* End PBXGroup section */

/* Begin PBXNativeTarget section */
		11EFEDBE1B81C27D00078735 /* VideoEditor2 */ = {
			isa = PBXNativeTarget;
			buildConfigurationList = 11EFEDE51B81C27D00078735 /* Build configuration list for PBXNativeTarget "VideoEditor2" */;
			buildPhases = (
				6DFC9AEDE97C32187A669ADE /* Check Pods Manifest.lock */,
				11EFEDBB1B81C27D00078735 /* Sources */,
				11EFEDBC1B81C27D00078735 /* Frameworks */,
				11EFEDBD1B81C27D00078735 /* Resources */,
				693DCAA6E342EF114B94F59F /* Copy Pods Resources */,
			);
			buildRules = (
			);
			dependencies = (
			);
			name = VideoEditor2;
			productName = VideoEditor2;
			productReference = 11EFEDBF1B81C27D00078735 /* VideoEditor2.app */;
			productType = "com.apple.product-type.application";
		};
		11EFEDDA1B81C27D00078735 /* VideoEditor2Tests */ = {
			isa = PBXNativeTarget;
			buildConfigurationList = 11EFEDE81B81C27D00078735 /* Build configuration list for PBXNativeTarget "VideoEditor2Tests" */;
			buildPhases = (
				11EFEDD71B81C27D00078735 /* Sources */,
				11EFEDD81B81C27D00078735 /* Frameworks */,
				11EFEDD91B81C27D00078735 /* Resources */,
			);
			buildRules = (
			);
			dependencies = (
				11EFEDDD1B81C27D00078735 /* PBXTargetDependency */,
			);
			name = VideoEditor2Tests;
			productName = VideoEditor2Tests;
			productReference = 11EFEDDB1B81C27D00078735 /* VideoEditor2Tests.xctest */;
			productType = "com.apple.product-type.bundle.unit-test";
		};
/* End PBXNativeTarget section */

/* Begin PBXProject section */
		11EFEDB71B81C27D00078735 /* Project object */ = {
			isa = PBXProject;
			attributes = {
				LastUpgradeCheck = 0640;
				ORGANIZATIONNAME = "Onix-Systems";
				TargetAttributes = {
					11EFEDBE1B81C27D00078735 = {
						CreatedOnToolsVersion = 6.4;
					};
					11EFEDDA1B81C27D00078735 = {
						CreatedOnToolsVersion = 6.4;
						TestTargetID = 11EFEDBE1B81C27D00078735;
					};
				};
			};
			buildConfigurationList = 11EFEDBA1B81C27D00078735 /* Build configuration list for PBXProject "VideoEditor2" */;
			compatibilityVersion = "Xcode 3.2";
			developmentRegion = English;
			hasScannedForEncodings = 0;
			knownRegions = (
				en,
				Base,
			);
			mainGroup = 11EFEDB61B81C27D00078735;
			productRefGroup = 11EFEDC01B81C27D00078735 /* Products */;
			projectDirPath = "";
			projectRoot = "";
			targets = (
				11EFEDBE1B81C27D00078735 /* VideoEditor2 */,
				11EFEDDA1B81C27D00078735 /* VideoEditor2Tests */,
			);
		};
/* End PBXProject section */

/* Begin PBXResourcesBuildPhase section */
		11EFEDBD1B81C27D00078735 /* Resources */ = {
			isa = PBXResourcesBuildPhase;
			buildActionMask = 2147483647;
			files = (
				11EFEDD11B81C27D00078735 /* Main.storyboard in Resources */,
				11EFEDD61B81C27D00078735 /* LaunchScreen.xib in Resources */,
				11EFEDD31B81C27D00078735 /* Images.xcassets in Resources */,
			);
			runOnlyForDeploymentPostprocessing = 0;
		};
		11EFEDD91B81C27D00078735 /* Resources */ = {
			isa = PBXResourcesBuildPhase;
			buildActionMask = 2147483647;
			files = (
			);
			runOnlyForDeploymentPostprocessing = 0;
		};
/* End PBXResourcesBuildPhase section */

/* Begin PBXShellScriptBuildPhase section */
		693DCAA6E342EF114B94F59F /* Copy Pods Resources */ = {
			isa = PBXShellScriptBuildPhase;
			buildActionMask = 2147483647;
			files = (
			);
			inputPaths = (
			);
			name = "Copy Pods Resources";
			outputPaths = (
			);
			runOnlyForDeploymentPostprocessing = 0;
			shellPath = /bin/sh;
			shellScript = "\"${SRCROOT}/Pods/Target Support Files/Pods/Pods-resources.sh\"\n";
			showEnvVarsInLog = 0;
		};
		6DFC9AEDE97C32187A669ADE /* Check Pods Manifest.lock */ = {
			isa = PBXShellScriptBuildPhase;
			buildActionMask = 2147483647;
			files = (
			);
			inputPaths = (
			);
			name = "Check Pods Manifest.lock";
			outputPaths = (
			);
			runOnlyForDeploymentPostprocessing = 0;
			shellPath = /bin/sh;
			shellScript = "diff \"${PODS_ROOT}/../Podfile.lock\" \"${PODS_ROOT}/Manifest.lock\" > /dev/null\nif [[ $? != 0 ]] ; then\n    cat << EOM\nerror: The sandbox is not in sync with the Podfile.lock. Run 'pod install' or update your CocoaPods installation.\nEOM\n    exit 1\nfi\n";
			showEnvVarsInLog = 0;
		};
/* End PBXShellScriptBuildPhase section */

/* Begin PBXSourcesBuildPhase section */
		11EFEDBB1B81C27D00078735 /* Sources */ = {
			isa = PBXSourcesBuildPhase;
			buildActionMask = 2147483647;
			files = (
				11EFEE191B820BF600078735 /* DZNPhotoServiceClient.m in Sources */,
				11EFEDFF1B820B6300078735 /* DZNPhotoPickerController.m in Sources */,
				11EFEDFD1B820B6300078735 /* DZNPhotoDisplayViewCell.m in Sources */,
				11F43D681B8483CE00011C2D /* ImageSelectCollectionViewCell.m in Sources */,
				11EFEE1F1B820C0300078735 /* UIImagePickerController+Block.m in Sources */,
				11EFEE1C1B820BF600078735 /* DZNPhotoTag.m in Sources */,
				11EFEDEE1B81D2EF00078735 /* Step2.m in Sources */,
				116A5D261B82189700466E99 /* TWPhotoLoader.m in Sources */,
				116A5D2A1B82274900466E99 /* Albums.m in Sources */,
				11EFEE001B820B6300078735 /* DZNPhotoPickerControllerConstants.m in Sources */,
				11EFEDF11B81D31600078735 /* Step3.m in Sources */,
				11EFEE1B1B820BF600078735 /* DZNPhotoServiceFactory.m in Sources */,
				11EFEDC81B81C27D00078735 /* AppDelegate.m in Sources */,
				11F43D5C1B84655C00011C2D /* PickerAssetsCollection.m in Sources */,
				11F43D6B1B84B40100011C2D /* ImageSelectCollectionViewHeader.m in Sources */,
				11EFEE181B820BF600078735 /* DZNPhotoMetadata.m in Sources */,
				116A5D2D1B8351BE00466E99 /* ImageSelectController.m in Sources */,
				11EFEDC51B81C27D00078735 /* main.m in Sources */,
				11EFEE0C1B820BEB00078735 /* UIImagePickerController+Edit.m in Sources */,
				11EEC67F1B90439F0079EFF4 /* ImageSelectPlayerView.m in Sources */,
				116A5D241B82189700466E99 /* TWPhoto.m in Sources */,
				11EFEDFE1B820B6300078735 /* DZNPhotoDisplayViewController.m in Sources */,
				11F43D6E1B84CCB500011C2D /* VideoEditorAssetsCollection.m in Sources */,
				11EFEE1A1B820BF600078735 /* DZNPhotoServiceConstants.m in Sources */,
				116A5D251B82189700466E99 /* TWPhotoCollectionViewCell.m in Sources */,
				116A5D231B82189700466E99 /* TWImageScrollView.m in Sources */,
				116A5D271B82189700466E99 /* TWPhotoPickerController.m in Sources */,
				11F43D5F1B84674E00011C2D /* PickerAsset.m in Sources */,
				11EFEE0B1B820BEB00078735 /* DZNPhotoEditorViewController.m in Sources */,
			);
			runOnlyForDeploymentPostprocessing = 0;
		};
		11EFEDD71B81C27D00078735 /* Sources */ = {
			isa = PBXSourcesBuildPhase;
			buildActionMask = 2147483647;
			files = (
				11EFEDE21B81C27D00078735 /* VideoEditor2Tests.m in Sources */,
			);
			runOnlyForDeploymentPostprocessing = 0;
		};
/* End PBXSourcesBuildPhase section */

/* Begin PBXTargetDependency section */
		11EFEDDD1B81C27D00078735 /* PBXTargetDependency */ = {
			isa = PBXTargetDependency;
			target = 11EFEDBE1B81C27D00078735 /* VideoEditor2 */;
			targetProxy = 11EFEDDC1B81C27D00078735 /* PBXContainerItemProxy */;
		};
/* End PBXTargetDependency section */

/* Begin PBXVariantGroup section */
		11EFEDCF1B81C27D00078735 /* Main.storyboard */ = {
			isa = PBXVariantGroup;
			children = (
				11EFEDD01B81C27D00078735 /* Base */,
			);
			name = Main.storyboard;
			sourceTree = "<group>";
		};
		11EFEDD41B81C27D00078735 /* LaunchScreen.xib */ = {
			isa = PBXVariantGroup;
			children = (
				11EFEDD51B81C27D00078735 /* Base */,
			);
			name = LaunchScreen.xib;
			sourceTree = "<group>";
		};
/* End PBXVariantGroup section */

/* Begin XCBuildConfiguration section */
		11EFEDE31B81C27D00078735 /* Debug */ = {
			isa = XCBuildConfiguration;
			buildSettings = {
				ALWAYS_SEARCH_USER_PATHS = NO;
				CLANG_CXX_LANGUAGE_STANDARD = "gnu++0x";
				CLANG_CXX_LIBRARY = "libc++";
				CLANG_ENABLE_MODULES = YES;
				CLANG_ENABLE_OBJC_ARC = YES;
				CLANG_WARN_BOOL_CONVERSION = YES;
				CLANG_WARN_CONSTANT_CONVERSION = YES;
				CLANG_WARN_DIRECT_OBJC_ISA_USAGE = YES_ERROR;
				CLANG_WARN_EMPTY_BODY = YES;
				CLANG_WARN_ENUM_CONVERSION = YES;
				CLANG_WARN_INT_CONVERSION = YES;
				CLANG_WARN_OBJC_ROOT_CLASS = YES_ERROR;
				CLANG_WARN_UNREACHABLE_CODE = YES;
				CLANG_WARN__DUPLICATE_METHOD_MATCH = YES;
				"CODE_SIGN_IDENTITY[sdk=iphoneos*]" = "iPhone Developer";
				COPY_PHASE_STRIP = NO;
				DEBUG_INFORMATION_FORMAT = "dwarf-with-dsym";
				ENABLE_STRICT_OBJC_MSGSEND = YES;
				GCC_C_LANGUAGE_STANDARD = gnu99;
				GCC_DYNAMIC_NO_PIC = NO;
				GCC_NO_COMMON_BLOCKS = YES;
				GCC_OPTIMIZATION_LEVEL = 0;
				GCC_PREPROCESSOR_DEFINITIONS = (
					"DEBUG=1",
					"$(inherited)",
				);
				GCC_SYMBOLS_PRIVATE_EXTERN = NO;
				GCC_WARN_64_TO_32_BIT_CONVERSION = YES;
				GCC_WARN_ABOUT_RETURN_TYPE = YES_ERROR;
				GCC_WARN_UNDECLARED_SELECTOR = YES;
				GCC_WARN_UNINITIALIZED_AUTOS = YES_AGGRESSIVE;
				GCC_WARN_UNUSED_FUNCTION = YES;
				GCC_WARN_UNUSED_VARIABLE = YES;
				IPHONEOS_DEPLOYMENT_TARGET = 8.4;
				MTL_ENABLE_DEBUG_INFO = YES;
				ONLY_ACTIVE_ARCH = YES;
				SDKROOT = iphoneos;
				TARGETED_DEVICE_FAMILY = "1,2";
			};
			name = Debug;
		};
		11EFEDE41B81C27D00078735 /* Release */ = {
			isa = XCBuildConfiguration;
			buildSettings = {
				ALWAYS_SEARCH_USER_PATHS = NO;
				CLANG_CXX_LANGUAGE_STANDARD = "gnu++0x";
				CLANG_CXX_LIBRARY = "libc++";
				CLANG_ENABLE_MODULES = YES;
				CLANG_ENABLE_OBJC_ARC = YES;
				CLANG_WARN_BOOL_CONVERSION = YES;
				CLANG_WARN_CONSTANT_CONVERSION = YES;
				CLANG_WARN_DIRECT_OBJC_ISA_USAGE = YES_ERROR;
				CLANG_WARN_EMPTY_BODY = YES;
				CLANG_WARN_ENUM_CONVERSION = YES;
				CLANG_WARN_INT_CONVERSION = YES;
				CLANG_WARN_OBJC_ROOT_CLASS = YES_ERROR;
				CLANG_WARN_UNREACHABLE_CODE = YES;
				CLANG_WARN__DUPLICATE_METHOD_MATCH = YES;
				"CODE_SIGN_IDENTITY[sdk=iphoneos*]" = "iPhone Developer";
				COPY_PHASE_STRIP = NO;
				DEBUG_INFORMATION_FORMAT = "dwarf-with-dsym";
				ENABLE_NS_ASSERTIONS = NO;
				ENABLE_STRICT_OBJC_MSGSEND = YES;
				GCC_C_LANGUAGE_STANDARD = gnu99;
				GCC_NO_COMMON_BLOCKS = YES;
				GCC_WARN_64_TO_32_BIT_CONVERSION = YES;
				GCC_WARN_ABOUT_RETURN_TYPE = YES_ERROR;
				GCC_WARN_UNDECLARED_SELECTOR = YES;
				GCC_WARN_UNINITIALIZED_AUTOS = YES_AGGRESSIVE;
				GCC_WARN_UNUSED_FUNCTION = YES;
				GCC_WARN_UNUSED_VARIABLE = YES;
				IPHONEOS_DEPLOYMENT_TARGET = 8.4;
				MTL_ENABLE_DEBUG_INFO = NO;
				SDKROOT = iphoneos;
				TARGETED_DEVICE_FAMILY = "1,2";
				VALIDATE_PRODUCT = YES;
			};
			name = Release;
		};
		11EFEDE61B81C27D00078735 /* Debug */ = {
			isa = XCBuildConfiguration;
			baseConfigurationReference = C56F4BA644EAFB399D32217B /* Pods.debug.xcconfig */;
			buildSettings = {
				ASSETCATALOG_COMPILER_APPICON_NAME = AppIcon;
				INFOPLIST_FILE = VideoEditor2/Info.plist;
				LD_RUNPATH_SEARCH_PATHS = "$(inherited) @executable_path/Frameworks";
				PRODUCT_NAME = "$(TARGET_NAME)";
			};
			name = Debug;
		};
		11EFEDE71B81C27D00078735 /* Release */ = {
			isa = XCBuildConfiguration;
			baseConfigurationReference = 69B654D231D53CB9E236F108 /* Pods.release.xcconfig */;
			buildSettings = {
				ASSETCATALOG_COMPILER_APPICON_NAME = AppIcon;
				INFOPLIST_FILE = VideoEditor2/Info.plist;
				LD_RUNPATH_SEARCH_PATHS = "$(inherited) @executable_path/Frameworks";
				PRODUCT_NAME = "$(TARGET_NAME)";
			};
			name = Release;
		};
		11EFEDE91B81C27D00078735 /* Debug */ = {
			isa = XCBuildConfiguration;
			buildSettings = {
				BUNDLE_LOADER = "$(TEST_HOST)";
				FRAMEWORK_SEARCH_PATHS = (
					"$(SDKROOT)/Developer/Library/Frameworks",
					"$(inherited)",
				);
				GCC_PREPROCESSOR_DEFINITIONS = (
					"DEBUG=1",
					"$(inherited)",
				);
				INFOPLIST_FILE = VideoEditor2Tests/Info.plist;
				LD_RUNPATH_SEARCH_PATHS = "$(inherited) @executable_path/Frameworks @loader_path/Frameworks";
				PRODUCT_NAME = "$(TARGET_NAME)";
				TEST_HOST = "$(BUILT_PRODUCTS_DIR)/VideoEditor2.app/VideoEditor2";
			};
			name = Debug;
		};
		11EFEDEA1B81C27D00078735 /* Release */ = {
			isa = XCBuildConfiguration;
			buildSettings = {
				BUNDLE_LOADER = "$(TEST_HOST)";
				FRAMEWORK_SEARCH_PATHS = (
					"$(SDKROOT)/Developer/Library/Frameworks",
					"$(inherited)",
				);
				INFOPLIST_FILE = VideoEditor2Tests/Info.plist;
				LD_RUNPATH_SEARCH_PATHS = "$(inherited) @executable_path/Frameworks @loader_path/Frameworks";
				PRODUCT_NAME = "$(TARGET_NAME)";
				TEST_HOST = "$(BUILT_PRODUCTS_DIR)/VideoEditor2.app/VideoEditor2";
			};
			name = Release;
		};
/* End XCBuildConfiguration section */

/* Begin XCConfigurationList section */
		11EFEDBA1B81C27D00078735 /* Build configuration list for PBXProject "VideoEditor2" */ = {
			isa = XCConfigurationList;
			buildConfigurations = (
				11EFEDE31B81C27D00078735 /* Debug */,
				11EFEDE41B81C27D00078735 /* Release */,
			);
			defaultConfigurationIsVisible = 0;
			defaultConfigurationName = Release;
		};
		11EFEDE51B81C27D00078735 /* Build configuration list for PBXNativeTarget "VideoEditor2" */ = {
			isa = XCConfigurationList;
			buildConfigurations = (
				11EFEDE61B81C27D00078735 /* Debug */,
				11EFEDE71B81C27D00078735 /* Release */,
			);
			defaultConfigurationIsVisible = 0;
			defaultConfigurationName = Release;
		};
		11EFEDE81B81C27D00078735 /* Build configuration list for PBXNativeTarget "VideoEditor2Tests" */ = {
			isa = XCConfigurationList;
			buildConfigurations = (
				11EFEDE91B81C27D00078735 /* Debug */,
				11EFEDEA1B81C27D00078735 /* Release */,
			);
			defaultConfigurationIsVisible = 0;
			defaultConfigurationName = Release;
		};
/* End XCConfigurationList section */
	};
	rootObject = 11EFEDB71B81C27D00078735 /* Project object */;
}
